{
  "nodes": {
    "nixpkgs": {
      "locked": {
        "lastModified": 1780243769,
        "narHash": "sha256-x5UQuRsH3MqI0U9afaXSNqzTPSeZlRLvFAav2Ux1pNw=",
        "owner": "nixos",
        "repo": "nixpkgs",
        "rev": "331800de5053fcebacf6813adb5db9c9dca22a0c",
        "type": "github"
      },
      "original": {
        "owner": "nixos",
        "ref": "nixos-unstable",
        "repo": "nixpkgs",
        "type": "github"
      }
    },
    "pnpm2nix": {
      "locked": {
        "lastModified": 1780410064,
        "narHash": "sha256-NwtCZb0grZnCpzxyZjTgu83kJQDSjT4hk9dTAU5ntXc=",
        "owner": "Tomate0613",
        "repo": "nix-flakes",
        "rev": "dc8bda80c173fde60e12fced5990ba7e401aecd9",
        "type": "github"
      },
      "original": {
        "owner": "Tomate0613",
        "ref": "pnpm",
        "repo": "nix-flakes",
        "type": "github"
      }
    },
    "root": {
      "inputs": {
        "nixpkgs": "nixpkgs",
        "pnpm2nix": "pnpm2nix"
      }
    }
  },
  "root": "root",
  "version": 7
}
