{
  "nodes": {
    "nixpkgs": {
      "locked": {
        "lastModified": 1788179007,
        "narHash": "sha256-hn1oU2rue2SYK8dAr8+WNZWtbsz1S2W5mnHlSEuh3bo=",
        "owner": "nixos",
        "repo": "nixpkgs",
        "rev": "34ab99075ac4f7e40cf037eef32cb1c360bb85e9",
        "type": "github"
      },
      "original": {
        "owner": "nixos",
        "ref": "nixos-unstable",
        "repo": "nixpkgs",
        "type": "github"
      }
    },
    "pnpm2nix": {
      "locked": {
        "lastModified": 1787076568,
        "narHash": "sha256-GqxDaYgpmDWQNgf92E6L4+IEuOcDOzJvvNyYUzrvT9Y=",
        "owner": "Tomate0613",
        "repo": "nix-flakes",
        "rev": "bfc1bbe0a54637a5f40138bed4521768a0453b4b",
        "type": "github"
      },
      "original": {
        "owner": "Tomate0613",
        "ref": "pnpm",
        "repo": "nix-flakes",
        "type": "github"
      }
    },
    "root": {
      "inputs": {
        "nixpkgs": "nixpkgs",
        "pnpm2nix": "pnpm2nix"
      }
    }
  },
  "root": "root",
  "version": 7
}
